
Microsoft Visual Studio Solution File, Format Version 12.00
# Visual Studio Version 16
VisualStudioVersion = 16.0.31702.278
MinimumVisualStudioVersion = 10.0.40219.1
Project("{FAE04EC0-301F-11D3-BF4B-00C04F79EFBC}") = "ResolveDigitalTest", "ResolveDigitalTest\ResolveDigitalTest.csproj", "{074F0273-53DA-47BC-93FB-A41F7D48DEAD}"
EndProject
Project("{FAE04EC0-301F-11D3-BF4B-00C04F79EFBC}") = "TestProject1", "TestProject1\TestProject1.csproj", "{BAD4B8DA-9613-4F87-9779-546502D19137}"
EndProject
Global
	GlobalSection(SolutionConfigurationPlatforms) = preSolution
		Debug|Any CPU = Debug|Any CPU
		Release|Any CPU = Release|Any CPU
	EndGlobalSection
	GlobalSection(ProjectConfigurationPlatforms) = postSolution
		{074F0273-53DA-47BC-93FB-A41F7D48DEAD}.Debug|Any CPU.ActiveCfg = Debug|Any CPU
		{074F0273-53DA-47BC-93FB-A41F7D48DEAD}.Debug|Any CPU.Build.0 = Debug|Any CPU
		{074F0273-53DA-47BC-93FB-A41F7D48DEAD}.Release|Any CPU.ActiveCfg = Release|Any CPU
		{074F0273-53DA-47BC-93FB-A41F7D48DEAD}.Release|Any CPU.Build.0 = Release|Any CPU
		{BAD4B8DA-9613-4F87-9779-546502D19137}.Debug|Any CPU.ActiveCfg = Debug|Any CPU
		{BAD4B8DA-9613-4F87-9779-546502D19137}.Debug|Any CPU.Build.0 = Debug|Any CPU
		{BAD4B8DA-9613-4F87-9779-546502D19137}.Release|Any CPU.ActiveCfg = Release|Any CPU
		{BAD4B8DA-9613-4F87-9779-546502D19137}.Release|Any CPU.Build.0 = Release|Any CPU
	EndGlobalSection
	GlobalSection(SolutionProperties) = preSolution
		HideSolutionNode = FALSE
	EndGlobalSection
	GlobalSection(ExtensibilityGlobals) = postSolution
		SolutionGuid = {107AF121-5E1B-41A6-ABF4-84513F20617E}
	EndGlobalSection
EndGlobal
